// !$*UTF8*$!
{
	archiveVersion = 1;
	classes = {
	};
	objectVersion = 46;
	objects = {

/* Begin PBXBuildFile section */
		8C8A6D071F554E8E001E0DB2 /* main.cpp in Sources */ = {isa = PBXBuildFile; fileRef = 8C8A6D061F554E8E001E0DB2 /* main.cpp */; };
		8C8A6D0F1F554F21001E0DB2 /* Buffer.cpp in Sources */ = {isa = PBXBuildFile; fileRef = 8C8A6D0D1F554F21001E0DB2 /* Buffer.cpp */; };
/* End PBXBuildFile section */

/* Begin PBXCopyFilesBuildPhase section */
		8C8A6D011F554E8E001E0DB2 /* CopyFiles */ = {
			isa = PBXCopyFilesBuildPhase;
			buildActionMask = 2147483647;
			dstPath = /usr/share/man/man1/;
			dstSubfolderSpec = 0;
			files = (
			);
			runOnlyForDeploymentPostprocessing = 1;
		};
/* End PBXCopyFilesBuildPhase section */

/* Begin PBXFileReference section */
		8C8A6D031F554E8E001E0DB2 /* TestNetwork */ = {isa = PBXFileReference; explicitFileType = "compiled.mach-o.executable"; includeInIndex = 0; path = TestNetwork; sourceTree = BUILT_PRODUCTS_DIR; };
		8C8A6D061F554E8E001E0DB2 /* main.cpp */ = {isa = PBXFileReference; lastKnownFileType = sourcecode.cpp.cpp; path = main.cpp; sourceTree = "<group>"; };
		8C8A6D0D1F554F21001E0DB2 /* Buffer.cpp */ = {isa = PBXFileReference; fileEncoding = 4; lastKnownFileType = sourcecode.cpp.cpp; path = Buffer.cpp; sourceTree = "<group>"; };
		8C8A6D0E1F554F21001E0DB2 /* Buffer.hpp */ = {isa = PBXFileReference; fileEncoding = 4; lastKnownFileType = sourcecode.cpp.h; path = Buffer.hpp; sourceTree = "<group>"; };
/* End PBXFileReference section */

/* Begin PBXFrameworksBuildPhase section */
		8C8A6D001F554E8E001E0DB2 /* Frameworks */ = {
			isa = PBXFrameworksBuildPhase;
			buildActionMask = 2147483647;
			files = (
			);
			runOnlyForDeploymentPostprocessing = 0;
		};
/* End PBXFrameworksBuildPhase section */

/* Begin PBXGroup section */
		8C8A6CFA1F554E8E001E0DB2 = {
			isa = PBXGroup;
			children = (
				8C8A6D051F554E8E001E0DB2 /* TestNetwork */,
				8C8A6D041F554E8E001E0DB2 /* Products */,
			);
			sourceTree = "<group>";
		};
		8C8A6D041F554E8E001E0DB2 /* Products */ = {
			isa = PBXGroup;
			children = (
				8C8A6D031F554E8E001E0DB2 /* TestNetwork */,
			);
			name = Products;
			sourceTree = "<group>";
		};
		8C8A6D051F554E8E001E0DB2 /* TestNetwork */ = {
			isa = PBXGroup;
			children = (
				8C8A6D061F554E8E001E0DB2 /* main.cpp */,
				8C8A6D0D1F554F21001E0DB2 /* Buffer.cpp */,
				8C8A6D0E1F554F21001E0DB2 /* Buffer.hpp */,
			);
			path = TestNetwork;
			sourceTree = "<group>";
		};
/* End PBXGroup section */

/* Begin PBXNativeTarget section */
		8C8A6D021F554E8E001E0DB2 /* TestNetwork */ = {
			isa = PBXNativeTarget;
			buildConfigurationList = 8C8A6D0A1F554E8E001E0DB2 /* Build configuration list for PBXNativeTarget "TestNetwork" */;
			buildPhases = (
				8C8A6CFF1F554E8E001E0DB2 /* Sources */,
				8C8A6D001F554E8E001E0DB2 /* Frameworks */,
				8C8A6D011F554E8E001E0DB2 /* CopyFiles */,
			);
			buildRules = (
			);
			dependencies = (
			);
			name = TestNetwork;
			productName = TestNetwork;
			productReference = 8C8A6D031F554E8E001E0DB2 /* TestNetwork */;
			productType = "com.apple.product-type.tool";
		};
/* End PBXNativeTarget section */

/* Begin PBXProject section */
		8C8A6CFB1F554E8E001E0DB2 /* Project object */ = {
			isa = PBXProject;
			attributes = {
				LastUpgradeCheck = 0830;
				ORGANIZATIONNAME = "Jongwhan Lee";
				TargetAttributes = {
					8C8A6D021F554E8E001E0DB2 = {
						CreatedOnToolsVersion = 8.3.3;
						DevelopmentTeam = TFASTDAMCS;
						ProvisioningStyle = Automatic;
					};
				};
			};
			buildConfigurationList = 8C8A6CFE1F554E8E001E0DB2 /* Build configuration list for PBXProject "TestNetwork" */;
			compatibilityVersion = "Xcode 3.2";
			developmentRegion = English;
			hasScannedForEncodings = 0;
			knownRegions = (
				en,
			);
			mainGroup = 8C8A6CFA1F554E8E001E0DB2;
			productRefGroup = 8C8A6D041F554E8E001E0DB2 /* Products */;
			projectDirPath = "";
			projectRoot = "";
			targets = (
				8C8A6D021F554E8E001E0DB2 /* TestNetwork */,
			);
		};
/* End PBXProject section */

/* Begin PBXSourcesBuildPhase section */
		8C8A6CFF1F554E8E001E0DB2 /* Sources */ = {
			isa = PBXSourcesBuildPhase;
			buildActionMask = 2147483647;
			files = (
				8C8A6D071F554E8E001E0DB2 /* main.cpp in Sources */,
				8C8A6D0F1F554F21001E0DB2 /* Buffer.cpp in Sources */,
			);
			runOnlyForDeploymentPostprocessing = 0;
		};
/* End PBXSourcesBuildPhase section */

/* Begin XCBuildConfiguration section */
		8C8A6D081F554E8E001E0DB2 /* Debug */ = {
			isa = XCBuildConfiguration;
			buildSettings = {
				ALWAYS_SEARCH_USER_PATHS = NO;
				CLANG_ANALYZER_NONNULL = YES;
				CLANG_ANALYZER_NUMBER_OBJECT_CONVERSION = YES_AGGRESSIVE;
				CLANG_CXX_LANGUAGE_STANDARD = "gnu++0x";
				CLANG_CXX_LIBRARY = "libc++";
				CLANG_ENABLE_MODULES = YES;
				CLANG_ENABLE_OBJC_ARC = YES;
				CLANG_WARN_BOOL_CONVERSION = YES;
				CLANG_WARN_CONSTANT_CONVERSION = YES;
				CLANG_WARN_DIRECT_OBJC_ISA_USAGE = YES_ERROR;
				CLANG_WARN_DOCUMENTATION_COMMENTS = YES;
				CLANG_WARN_EMPTY_BODY = YES;
				CLANG_WARN_ENUM_CONVERSION = YES;
				CLANG_WARN_INFINITE_RECURSION = YES;
				CLANG_WARN_INT_CONVERSION = YES;
				CLANG_WARN_OBJC_ROOT_CLASS = YES_ERROR;
				CLANG_WARN_SUSPICIOUS_MOVE = YES;
				CLANG_WARN_UNREACHABLE_CODE = YES;
				CLANG_WARN__DUPLICATE_METHOD_MATCH = YES;
				CODE_SIGN_IDENTITY = "-";
				COPY_PHASE_STRIP = NO;
				DEBUG_INFORMATION_FORMAT = dwarf;
				ENABLE_STRICT_OBJC_MSGSEND = YES;
				ENABLE_TESTABILITY = YES;
				GCC_C_LANGUAGE_STANDARD = gnu99;
				GCC_DYNAMIC_NO_PIC = NO;
				GCC_NO_COMMON_BLOCKS = YES;
				GCC_OPTIMIZATION_LEVEL = 0;
				GCC_PREPROCESSOR_DEFINITIONS = (
					"DEBUG=1",
					"$(inherited)",
				);
				GCC_WARN_64_TO_32_BIT_CONVERSION = YES;
				GCC_WARN_ABOUT_RETURN_TYPE = YES_ERROR;
				GCC_WARN_UNDECLARED_SELECTOR = YES;
				GCC_WARN_UNINITIALIZED_AUTOS = YES_AGGRESSIVE;
				GCC_WARN_UNUSED_FUNCTION = YES;
				GCC_WARN_UNUSED_VARIABLE = YES;
				MACOSX_DEPLOYMENT_TARGET = 10.12;
				MTL_ENABLE_DEBUG_INFO = YES;
				ONLY_ACTIVE_ARCH = YES;
				SDKROOT = macosx;
			};
			name = Debug;
		};
		8C8A6D091F554E8E001E0DB2 /* Release */ = {
			isa = XCBuildConfiguration;
			buildSettings = {
				ALWAYS_SEARCH_USER_PATHS = NO;
				CLANG_ANALYZER_NONNULL = YES;
				CLANG_ANALYZER_NUMBER_OBJECT_CONVERSION = YES_AGGRESSIVE;
				CLANG_CXX_LANGUAGE_STANDARD = "gnu++0x";
				CLANG_CXX_LIBRARY = "libc++";
				CLANG_ENABLE_MODULES = YES;
				CLANG_ENABLE_OBJC_ARC = YES;
				CLANG_WARN_BOOL_CONVERSION = YES;
				CLANG_WARN_CONSTANT_CONVERSION = YES;
				CLANG_WARN_DIRECT_OBJC_ISA_USAGE = YES_ERROR;
				CLANG_WARN_DOCUMENTATION_COMMENTS = YES;
				CLANG_WARN_EMPTY_BODY = YES;
				CLANG_WARN_ENUM_CONVERSION = YES;
				CLANG_WARN_INFINITE_RECURSION = YES;
				CLANG_WARN_INT_CONVERSION = YES;
				CLANG_WARN_OBJC_ROOT_CLASS = YES_ERROR;
				CLANG_WARN_SUSPICIOUS_MOVE = YES;
				CLANG_WARN_UNREACHABLE_CODE = YES;
				CLANG_WARN__DUPLICATE_METHOD_MATCH = YES;
				CODE_SIGN_IDENTITY = "-";
				COPY_PHASE_STRIP = NO;
				DEBUG_INFORMATION_FORMAT = "dwarf-with-dsym";
				ENABLE_NS_ASSERTIONS = NO;
				ENABLE_STRICT_OBJC_MSGSEND = YES;
				GCC_C_LANGUAGE_STANDARD = gnu99;
				GCC_NO_COMMON_BLOCKS = YES;
				GCC_WARN_64_TO_32_BIT_CONVERSION = YES;
				GCC_WARN_ABOUT_RETURN_TYPE = YES_ERROR;
				GCC_WARN_UNDECLARED_SELECTOR = YES;
				GCC_WARN_UNINITIALIZED_AUTOS = YES_AGGRESSIVE;
				GCC_WARN_UNUSED_FUNCTION = YES;
				GCC_WARN_UNUSED_VARIABLE = YES;
				MACOSX_DEPLOYMENT_TARGET = 10.12;
				MTL_ENABLE_DEBUG_INFO = NO;
				SDKROOT = macosx;
			};
			name = Release;
		};
		8C8A6D0B1F554E8E001E0DB2 /* Debug */ = {
			isa = XCBuildConfiguration;
			buildSettings = {
				DEVELOPMENT_TEAM = TFASTDAMCS;
				PRODUCT_NAME = "$(TARGET_NAME)";
			};
			name = Debug;
		};
		8C8A6D0C1F554E8E001E0DB2 /* Release */ = {
			isa = XCBuildConfiguration;
			buildSettings = {
				DEVELOPMENT_TEAM = TFASTDAMCS;
				PRODUCT_NAME = "$(TARGET_NAME)";
			};
			name = Release;
		};
/* End XCBuildConfiguration section */

/* Begin XCConfigurationList section */
		8C8A6CFE1F554E8E001E0DB2 /* Build configuration list for PBXProject "TestNetwork" */ = {
			isa = XCConfigurationList;
			buildConfigurations = (
				8C8A6D081F554E8E001E0DB2 /* Debug */,
				8C8A6D091F554E8E001E0DB2 /* Release */,
			);
			defaultConfigurationIsVisible = 0;
			defaultConfigurationName = Release;
		};
		8C8A6D0A1F554E8E001E0DB2 /* Build configuration list for PBXNativeTarget "TestNetwork" */ = {
			isa = XCConfigurationList;
			buildConfigurations = (
				8C8A6D0B1F554E8E001E0DB2 /* Debug */,
				8C8A6D0C1F554E8E001E0DB2 /* Release */,
			);
			defaultConfigurationIsVisible = 0;
		};
/* End XCConfigurationList section */
	};
	rootObject = 8C8A6CFB1F554E8E001E0DB2 /* Project object */;
}
